// !$*UTF8*$!
{
	archiveVersion = 1;
	classes = {
	};
	objectVersion = 55;
	objects = {

/* Begin PBXBuildFile section */
		1D02867527DB634E000DEC35 /* AppDelegate.swift in Sources */ = {isa = PBXBuildFile; fileRef = 1D02867427DB634E000DEC35 /* AppDelegate.swift */; };
		1D02867727DB634E000DEC35 /* SceneDelegate.swift in Sources */ = {isa = PBXBuildFile; fileRef = 1D02867627DB634E000DEC35 /* SceneDelegate.swift */; };
		1D02867927DB634E000DEC35 /* GreetingViewController.swift in Sources */ = {isa = PBXBuildFile; fileRef = 1D02867827DB634E000DEC35 /* GreetingViewController.swift */; };
		1D02867C27DB634E000DEC35 /* Main.storyboard in Resources */ = {isa = PBXBuildFile; fileRef = 1D02867A27DB634E000DEC35 /* Main.storyboard */; };
		1D02867E27DB634E000DEC35 /* Assets.xcassets in Resources */ = {isa = PBXBuildFile; fileRef = 1D02867D27DB634E000DEC35 /* Assets.xcassets */; };
		1D02868127DB634E000DEC35 /* LaunchScreen.storyboard in Resources */ = {isa = PBXBuildFile; fileRef = 1D02867F27DB634E000DEC35 /* LaunchScreen.storyboard */; };
		1D58E0EF27DB63CA009F0768 /* Person.swift in Sources */ = {isa = PBXBuildFile; fileRef = 1D58E0EE27DB63CA009F0768 /* Person.swift */; };
		1D58E0F227DB64BB009F0768 /* GreetingPresenter.swift in Sources */ = {isa = PBXBuildFile; fileRef = 1D58E0F127DB64BB009F0768 /* GreetingPresenter.swift */; };
		1D58E0F427DB64C4009F0768 /* GreetingInteractor.swift in Sources */ = {isa = PBXBuildFile; fileRef = 1D58E0F327DB64C4009F0768 /* GreetingInteractor.swift */; };
		1D58E0F627DB64DB009F0768 /* GreetingConfigurator.swift in Sources */ = {isa = PBXBuildFile; fileRef = 1D58E0F527DB64DB009F0768 /* GreetingConfigurator.swift */; };
/* End PBXBuildFile section */

/* Begin PBXFileReference section */
		1D02867127DB634E000DEC35 /* VIPER example.app */ = {isa = PBXFileReference; explicitFileType = wrapper.application; includeInIndex = 0; path = "VIPER example.app"; sourceTree = BUILT_PRODUCTS_DIR; };
		1D02867427DB634E000DEC35 /* AppDelegate.swift */ = {isa = PBXFileReference; lastKnownFileType = sourcecode.swift; path = AppDelegate.swift; sourceTree = "<group>"; };
		1D02867627DB634E000DEC35 /* SceneDelegate.swift */ = {isa = PBXFileReference; lastKnownFileType = sourcecode.swift; path = SceneDelegate.swift; sourceTree = "<group>"; };
		1D02867827DB634E000DEC35 /* GreetingViewController.swift */ = {isa = PBXFileReference; lastKnownFileType = sourcecode.swift; path = GreetingViewController.swift; sourceTree = "<group>"; };
		1D02867B27DB634E000DEC35 /* Base */ = {isa = PBXFileReference; lastKnownFileType = file.storyboard; name = Base; path = Base.lproj/Main.storyboard; sourceTree = "<group>"; };
		1D02867D27DB634E000DEC35 /* Assets.xcassets */ = {isa = PBXFileReference; lastKnownFileType = folder.assetcatalog; path = Assets.xcassets; sourceTree = "<group>"; };
		1D02868027DB634E000DEC35 /* Base */ = {isa = PBXFileReference; lastKnownFileType = file.storyboard; name = Base; path = Base.lproj/LaunchScreen.storyboard; sourceTree = "<group>"; };
		1D02868227DB634E000DEC35 /* Info.plist */ = {isa = PBXFileReference; lastKnownFileType = text.plist.xml; path = Info.plist; sourceTree = "<group>"; };
		1D58E0EE27DB63CA009F0768 /* Person.swift */ = {isa = PBXFileReference; lastKnownFileType = sourcecode.swift; path = Person.swift; sourceTree = "<group>"; };
		1D58E0F127DB64BB009F0768 /* GreetingPresenter.swift */ = {isa = PBXFileReference; lastKnownFileType = sourcecode.swift; path = GreetingPresenter.swift; sourceTree = "<group>"; };
		1D58E0F327DB64C4009F0768 /* GreetingInteractor.swift */ = {isa = PBXFileReference; lastKnownFileType = sourcecode.swift; path = GreetingInteractor.swift; sourceTree = "<group>"; };
		1D58E0F527DB64DB009F0768 /* GreetingConfigurator.swift */ = {isa = PBXFileReference; lastKnownFileType = sourcecode.swift; path = GreetingConfigurator.swift; sourceTree = "<group>"; };
/* End PBXFileReference section */

/* Begin PBXFrameworksBuildPhase section */
		1D02866E27DB634E000DEC35 /* Frameworks */ = {
			isa = PBXFrameworksBuildPhase;
			buildActionMask = 2147483647;
			files = (
			);
			runOnlyForDeploymentPostprocessing = 0;
		};
/* End PBXFrameworksBuildPhase section */

/* Begin PBXGroup section */
		1D02866827DB634E000DEC35 = {
			isa = PBXGroup;
			children = (
				1D02867327DB634E000DEC35 /* VIPER example */,
				1D02867227DB634E000DEC35 /* Products */,
			);
			sourceTree = "<group>";
		};
		1D02867227DB634E000DEC35 /* Products */ = {
			isa = PBXGroup;
			children = (
				1D02867127DB634E000DEC35 /* VIPER example.app */,
			);
			name = Products;
			sourceTree = "<group>";
		};
		1D02867327DB634E000DEC35 /* VIPER example */ = {
			isa = PBXGroup;
			children = (
				1D58E0F027DB648C009F0768 /* Greeting */,
				1D02867427DB634E000DEC35 /* AppDelegate.swift */,
				1D02867627DB634E000DEC35 /* SceneDelegate.swift */,
				1D02867A27DB634E000DEC35 /* Main.storyboard */,
				1D58E0EE27DB63CA009F0768 /* Person.swift */,
				1D02867D27DB634E000DEC35 /* Assets.xcassets */,
				1D02867F27DB634E000DEC35 /* LaunchScreen.storyboard */,
				1D02868227DB634E000DEC35 /* Info.plist */,
			);
			path = "VIPER example";
			sourceTree = "<group>";
		};
		1D58E0F027DB648C009F0768 /* Greeting */ = {
			isa = PBXGroup;
			children = (
				1D02867827DB634E000DEC35 /* GreetingViewController.swift */,
				1D58E0F127DB64BB009F0768 /* GreetingPresenter.swift */,
				1D58E0F327DB64C4009F0768 /* GreetingInteractor.swift */,
				1D58E0F527DB64DB009F0768 /* GreetingConfigurator.swift */,
			);
			path = Greeting;
			sourceTree = "<group>";
		};
/* End PBXGroup section */

/* Begin PBXNativeTarget section */
		1D02867027DB634E000DEC35 /* VIPER example */ = {
			isa = PBXNativeTarget;
			buildConfigurationList = 1D02868527DB634E000DEC35 /* Build configuration list for PBXNativeTarget "VIPER example" */;
			buildPhases = (
				1D02866D27DB634E000DEC35 /* Sources */,
				1D02866E27DB634E000DEC35 /* Frameworks */,
				1D02866F27DB634E000DEC35 /* Resources */,
			);
			buildRules = (
			);
			dependencies = (
			);
			name = "VIPER example";
			productName = "VIPER example";
			productReference = 1D02867127DB634E000DEC35 /* VIPER example.app */;
			productType = "com.apple.product-type.application";
		};
/* End PBXNativeTarget section */

/* Begin PBXProject section */
		1D02866927DB634E000DEC35 /* Project object */ = {
			isa = PBXProject;
			attributes = {
				BuildIndependentTargetsInParallel = 1;
				LastSwiftUpdateCheck = 1320;
				LastUpgradeCheck = 1320;
				TargetAttributes = {
					1D02867027DB634E000DEC35 = {
						CreatedOnToolsVersion = 13.2.1;
					};
				};
			};
			buildConfigurationList = 1D02866C27DB634E000DEC35 /* Build configuration list for PBXProject "VIPER example" */;
			compatibilityVersion = "Xcode 13.0";
			developmentRegion = en;
			hasScannedForEncodings = 0;
			knownRegions = (
				en,
				Base,
			);
			mainGroup = 1D02866827DB634E000DEC35;
			productRefGroup = 1D02867227DB634E000DEC35 /* Products */;
			projectDirPath = "";
			projectRoot = "";
			targets = (
				1D02867027DB634E000DEC35 /* VIPER example */,
			);
		};
/* End PBXProject section */

/* Begin PBXResourcesBuildPhase section */
		1D02866F27DB634E000DEC35 /* Resources */ = {
			isa = PBXResourcesBuildPhase;
			buildActionMask = 2147483647;
			files = (
				1D02868127DB634E000DEC35 /* LaunchScreen.storyboard in Resources */,
				1D02867E27DB634E000DEC35 /* Assets.xcassets in Resources */,
				1D02867C27DB634E000DEC35 /* Main.storyboard in Resources */,
			);
			runOnlyForDeploymentPostprocessing = 0;
		};
/* End PBXResourcesBuildPhase section */

/* Begin PBXSourcesBuildPhase section */
		1D02866D27DB634E000DEC35 /* Sources */ = {
			isa = PBXSourcesBuildPhase;
			buildActionMask = 2147483647;
			files = (
				1D02867927DB634E000DEC35 /* GreetingViewController.swift in Sources */,
				1D58E0F427DB64C4009F0768 /* GreetingInteractor.swift in Sources */,
				1D58E0F627DB64DB009F0768 /* GreetingConfigurator.swift in Sources */,
				1D58E0F227DB64BB009F0768 /* GreetingPresenter.swift in Sources */,
				1D02867527DB634E000DEC35 /* AppDelegate.swift in Sources */,
				1D58E0EF27DB63CA009F0768 /* Person.swift in Sources */,
				1D02867727DB634E000DEC35 /* SceneDelegate.swift in Sources */,
			);
			runOnlyForDeploymentPostprocessing = 0;
		};
/* End PBXSourcesBuildPhase section */

/* Begin PBXVariantGroup section */
		1D02867A27DB634E000DEC35 /* Main.storyboard */ = {
			isa = PBXVariantGroup;
			children = (
				1D02867B27DB634E000DEC35 /* Base */,
			);
			name = Main.storyboard;
			sourceTree = "<group>";
		};
		1D02867F27DB634E000DEC35 /* LaunchScreen.storyboard */ = {
			isa = PBXVariantGroup;
			children = (
				1D02868027DB634E000DEC35 /* Base */,
			);
			name = LaunchScreen.storyboard;
			sourceTree = "<group>";
		};
/* End PBXVariantGroup section */

/* Begin XCBuildConfiguration section */
		1D02868327DB634E000DEC35 /* Debug */ = {
			isa = XCBuildConfiguration;
			buildSettings = {
				ALWAYS_SEARCH_USER_PATHS = NO;
				CLANG_ANALYZER_NONNULL = YES;
				CLANG_ANALYZER_NUMBER_OBJECT_CONVERSION = YES_AGGRESSIVE;
				CLANG_CXX_LANGUAGE_STANDARD = "gnu++17";
				CLANG_CXX_LIBRARY = "libc++";
				CLANG_ENABLE_MODULES = YES;
				CLANG_ENABLE_OBJC_ARC = YES;
				CLANG_ENABLE_OBJC_WEAK = YES;
				CLANG_WARN_BLOCK_CAPTURE_AUTORELEASING = YES;
				CLANG_WARN_BOOL_CONVERSION = YES;
				CLANG_WARN_COMMA = YES;
				CLANG_WARN_CONSTANT_CONVERSION = YES;
				CLANG_WARN_DEPRECATED_OBJC_IMPLEMENTATIONS = YES;
				CLANG_WARN_DIRECT_OBJC_ISA_USAGE = YES_ERROR;
				CLANG_WARN_DOCUMENTATION_COMMENTS = YES;
				CLANG_WARN_EMPTY_BODY = YES;
				CLANG_WARN_ENUM_CONVERSION = YES;
				CLANG_WARN_INFINITE_RECURSION = YES;
				CLANG_WARN_INT_CONVERSION = YES;
				CLANG_WARN_NON_LITERAL_NULL_CONVERSION = YES;
				CLANG_WARN_OBJC_IMPLICIT_RETAIN_SELF = YES;
				CLANG_WARN_OBJC_LITERAL_CONVERSION = YES;
				CLANG_WARN_OBJC_ROOT_CLASS = YES_ERROR;
				CLANG_WARN_QUOTED_INCLUDE_IN_FRAMEWORK_HEADER = YES;
				CLANG_WARN_RANGE_LOOP_ANALYSIS = YES;
				CLANG_WARN_STRICT_PROTOTYPES = YES;
				CLANG_WARN_SUSPICIOUS_MOVE = YES;
				CLANG_WARN_UNGUARDED_AVAILABILITY = YES_AGGRESSIVE;
				CLANG_WARN_UNREACHABLE_CODE = YES;
				CLANG_WARN__DUPLICATE_METHOD_MATCH = YES;
				COPY_PHASE_STRIP = NO;
				DEBUG_INFORMATION_FORMAT = dwarf;
				ENABLE_STRICT_OBJC_MSGSEND = YES;
				ENABLE_TESTABILITY = YES;
				GCC_C_LANGUAGE_STANDARD = gnu11;
				GCC_DYNAMIC_NO_PIC = NO;
				GCC_NO_COMMON_BLOCKS = YES;
				GCC_OPTIMIZATION_LEVEL = 0;
				GCC_PREPROCESSOR_DEFINITIONS = (
					"DEBUG=1",
					"$(inherited)",
				);
				GCC_WARN_64_TO_32_BIT_CONVERSION = YES;
				GCC_WARN_ABOUT_RETURN_TYPE = YES_ERROR;
				GCC_WARN_UNDECLARED_SELECTOR = YES;
				GCC_WARN_UNINITIALIZED_AUTOS = YES_AGGRESSIVE;
				GCC_WARN_UNUSED_FUNCTION = YES;
				GCC_WARN_UNUSED_VARIABLE = YES;
				IPHONEOS_DEPLOYMENT_TARGET = 15.2;
				MTL_ENABLE_DEBUG_INFO = INCLUDE_SOURCE;
				MTL_FAST_MATH = YES;
				ONLY_ACTIVE_ARCH = YES;
				SDKROOT = iphoneos;
				SWIFT_ACTIVE_COMPILATION_CONDITIONS = DEBUG;
				SWIFT_OPTIMIZATION_LEVEL = "-Onone";
			};
			name = Debug;
		};
		1D02868427DB634E000DEC35 /* Release */ = {
			isa = XCBuildConfiguration;
			buildSettings = {
				ALWAYS_SEARCH_USER_PATHS = NO;
				CLANG_ANALYZER_NONNULL = YES;
				CLANG_ANALYZER_NUMBER_OBJECT_CONVERSION = YES_AGGRESSIVE;
				CLANG_CXX_LANGUAGE_STANDARD = "gnu++17";
				CLANG_CXX_LIBRARY = "libc++";
				CLANG_ENABLE_MODULES = YES;
				CLANG_ENABLE_OBJC_ARC = YES;
				CLANG_ENABLE_OBJC_WEAK = YES;
				CLANG_WARN_BLOCK_CAPTURE_AUTORELEASING = YES;
				CLANG_WARN_BOOL_CONVERSION = YES;
				CLANG_WARN_COMMA = YES;
				CLANG_WARN_CONSTANT_CONVERSION = YES;
				CLANG_WARN_DEPRECATED_OBJC_IMPLEMENTATIONS = YES;
				CLANG_WARN_DIRECT_OBJC_ISA_USAGE = YES_ERROR;
				CLANG_WARN_DOCUMENTATION_COMMENTS = YES;
				CLANG_WARN_EMPTY_BODY = YES;
				CLANG_WARN_ENUM_CONVERSION = YES;
				CLANG_WARN_INFINITE_RECURSION = YES;
				CLANG_WARN_INT_CONVERSION = YES;
				CLANG_WARN_NON_LITERAL_NULL_CONVERSION = YES;
				CLANG_WARN_OBJC_IMPLICIT_RETAIN_SELF = YES;
				CLANG_WARN_OBJC_LITERAL_CONVERSION = YES;
				CLANG_WARN_OBJC_ROOT_CLASS = YES_ERROR;
				CLANG_WARN_QUOTED_INCLUDE_IN_FRAMEWORK_HEADER = YES;
				CLANG_WARN_RANGE_LOOP_ANALYSIS = YES;
				CLANG_WARN_STRICT_PROTOTYPES = YES;
				CLANG_WARN_SUSPICIOUS_MOVE = YES;
				CLANG_WARN_UNGUARDED_AVAILABILITY = YES_AGGRESSIVE;
				CLANG_WARN_UNREACHABLE_CODE = YES;
				CLANG_WARN__DUPLICATE_METHOD_MATCH = YES;
				COPY_PHASE_STRIP = NO;
				DEBUG_INFORMATION_FORMAT = "dwarf-with-dsym";
				ENABLE_NS_ASSERTIONS = NO;
				ENABLE_STRICT_OBJC_MSGSEND = YES;
				GCC_C_LANGUAGE_STANDARD = gnu11;
				GCC_NO_COMMON_BLOCKS = YES;
				GCC_WARN_64_TO_32_BIT_CONVERSION = YES;
				GCC_WARN_ABOUT_RETURN_TYPE = YES_ERROR;
				GCC_WARN_UNDECLARED_SELECTOR = YES;
				GCC_WARN_UNINITIALIZED_AUTOS = YES_AGGRESSIVE;
				GCC_WARN_UNUSED_FUNCTION = YES;
				GCC_WARN_UNUSED_VARIABLE = YES;
				IPHONEOS_DEPLOYMENT_TARGET = 15.2;
				MTL_ENABLE_DEBUG_INFO = NO;
				MTL_FAST_MATH = YES;
				SDKROOT = iphoneos;
				SWIFT_COMPILATION_MODE = wholemodule;
				SWIFT_OPTIMIZATION_LEVEL = "-O";
				VALIDATE_PRODUCT = YES;
			};
			name = Release;
		};
		1D02868627DB634E000DEC35 /* Debug */ = {
			isa = XCBuildConfiguration;
			buildSettings = {
				ASSETCATALOG_COMPILER_APPICON_NAME = AppIcon;
				ASSETCATALOG_COMPILER_GLOBAL_ACCENT_COLOR_NAME = AccentColor;
				CODE_SIGN_STYLE = Automatic;
				CURRENT_PROJECT_VERSION = 1;
				DEVELOPMENT_TEAM = JFBLHQ46UV;
				GENERATE_INFOPLIST_FILE = YES;
				INFOPLIST_FILE = "VIPER example/Info.plist";
				INFOPLIST_KEY_UIApplicationSupportsIndirectInputEvents = YES;
				INFOPLIST_KEY_UILaunchStoryboardName = LaunchScreen;
				INFOPLIST_KEY_UIMainStoryboardFile = Main;
				INFOPLIST_KEY_UISupportedInterfaceOrientations_iPad = "UIInterfaceOrientationPortrait UIInterfaceOrientationPortraitUpsideDown UIInterfaceOrientationLandscapeLeft UIInterfaceOrientationLandscapeRight";
				INFOPLIST_KEY_UISupportedInterfaceOrientations_iPhone = "UIInterfaceOrientationPortrait UIInterfaceOrientationLandscapeLeft UIInterfaceOrientationLandscapeRight";
				LD_RUNPATH_SEARCH_PATHS = (
					"$(inherited)",
					"@executable_path/Frameworks",
				);
				MARKETING_VERSION = 1.0;
				PRODUCT_BUNDLE_IDENTIFIER = "Alik-and-CO.VIPER-example";
				PRODUCT_NAME = "$(TARGET_NAME)";
				SWIFT_EMIT_LOC_STRINGS = YES;
				SWIFT_VERSION = 5.0;
				TARGETED_DEVICE_FAMILY = "1,2";
			};
			name = Debug;
		};
		1D02868727DB634E000DEC35 /* Release */ = {
			isa = XCBuildConfiguration;
			buildSettings = {
				ASSETCATALOG_COMPILER_APPICON_NAME = AppIcon;
				ASSETCATALOG_COMPILER_GLOBAL_ACCENT_COLOR_NAME = AccentColor;
				CODE_SIGN_STYLE = Automatic;
				CURRENT_PROJECT_VERSION = 1;
				DEVELOPMENT_TEAM = JFBLHQ46UV;
				GENERATE_INFOPLIST_FILE = YES;
				INFOPLIST_FILE = "VIPER example/Info.plist";
				INFOPLIST_KEY_UIApplicationSupportsIndirectInputEvents = YES;
				INFOPLIST_KEY_UILaunchStoryboardName = LaunchScreen;
				INFOPLIST_KEY_UIMainStoryboardFile = Main;
				INFOPLIST_KEY_UISupportedInterfaceOrientations_iPad = "UIInterfaceOrientationPortrait UIInterfaceOrientationPortraitUpsideDown UIInterfaceOrientationLandscapeLeft UIInterfaceOrientationLandscapeRight";
				INFOPLIST_KEY_UISupportedInterfaceOrientations_iPhone = "UIInterfaceOrientationPortrait UIInterfaceOrientationLandscapeLeft UIInterfaceOrientationLandscapeRight";
				LD_RUNPATH_SEARCH_PATHS = (
					"$(inherited)",
					"@executable_path/Frameworks",
				);
				MARKETING_VERSION = 1.0;
				PRODUCT_BUNDLE_IDENTIFIER = "Alik-and-CO.VIPER-example";
				PRODUCT_NAME = "$(TARGET_NAME)";
				SWIFT_EMIT_LOC_STRINGS = YES;
				SWIFT_VERSION = 5.0;
				TARGETED_DEVICE_FAMILY = "1,2";
			};
			name = Release;
		};
/* End XCBuildConfiguration section */

/* Begin XCConfigurationList section */
		1D02866C27DB634E000DEC35 /* Build configuration list for PBXProject "VIPER example" */ = {
			isa = XCConfigurationList;
			buildConfigurations = (
				1D02868327DB634E000DEC35 /* Debug */,
				1D02868427DB634E000DEC35 /* Release */,
			);
			defaultConfigurationIsVisible = 0;
			defaultConfigurationName = Release;
		};
		1D02868527DB634E000DEC35 /* Build configuration list for PBXNativeTarget "VIPER example" */ = {
			isa = XCConfigurationList;
			buildConfigurations = (
				1D02868627DB634E000DEC35 /* Debug */,
				1D02868727DB634E000DEC35 /* Release */,
			);
			defaultConfigurationIsVisible = 0;
			defaultConfigurationName = Release;
		};
/* End XCConfigurationList section */
	};
	rootObject = 1D02866927DB634E000DEC35 /* Project object */;
}
